// !$*UTF8*$!
{
	archiveVersion = 1;
	classes = {
	};
	objectVersion = 48;
	objects = {

/* Begin PBXBuildFile section */
		FC74A29F20899FBA00D58A14 /* AppDelegate.swift in Sources */ = {isa = PBXBuildFile; fileRef = FC74A29E20899FBA00D58A14 /* AppDelegate.swift */; };
		FC74A2A120899FBA00D58A14 /* ViewController.swift in Sources */ = {isa = PBXBuildFile; fileRef = FC74A2A020899FBA00D58A14 /* ViewController.swift */; };
		FC74A2A420899FBA00D58A14 /* Main.storyboard in Resources */ = {isa = PBXBuildFile; fileRef = FC74A2A220899FBA00D58A14 /* Main.storyboard */; };
		FC74A2A620899FBD00D58A14 /* Assets.xcassets in Resources */ = {isa = PBXBuildFile; fileRef = FC74A2A520899FBD00D58A14 /* Assets.xcassets */; };
		FC74A2A920899FBD00D58A14 /* LaunchScreen.storyboard in Resources */ = {isa = PBXBuildFile; fileRef = FC74A2A720899FBD00D58A14 /* LaunchScreen.storyboard */; };
		FC74A2B12089CFC900D58A14 /* HarunaViewController.swift in Sources */ = {isa = PBXBuildFile; fileRef = FC74A2B02089CFC900D58A14 /* HarunaViewController.swift */; };
		FC74A2B32089CFE100D58A14 /* YukiViewController.swift in Sources */ = {isa = PBXBuildFile; fileRef = FC74A2B22089CFE100D58A14 /* YukiViewController.swift */; };
/* End PBXBuildFile section */

/* Begin PBXFileReference section */
		FC74A29B20899FBA00D58A14 /* ShumiZaitaku_swift.app */ = {isa = PBXFileReference; explicitFileType = wrapper.application; includeInIndex = 0; path = ShumiZaitaku_swift.app; sourceTree = BUILT_PRODUCTS_DIR; };
		FC74A29E20899FBA00D58A14 /* AppDelegate.swift */ = {isa = PBXFileReference; lastKnownFileType = sourcecode.swift; path = AppDelegate.swift; sourceTree = "<group>"; };
		FC74A2A020899FBA00D58A14 /* ViewController.swift */ = {isa = PBXFileReference; lastKnownFileType = sourcecode.swift; path = ViewController.swift; sourceTree = "<group>"; };
		FC74A2A320899FBA00D58A14 /* Base */ = {isa = PBXFileReference; lastKnownFileType = file.storyboard; name = Base; path = Base.lproj/Main.storyboard; sourceTree = "<group>"; };
		FC74A2A520899FBD00D58A14 /* Assets.xcassets */ = {isa = PBXFileReference; lastKnownFileType = folder.assetcatalog; path = Assets.xcassets; sourceTree = "<group>"; };
		FC74A2A820899FBD00D58A14 /* Base */ = {isa = PBXFileReference; lastKnownFileType = file.storyboard; name = Base; path = Base.lproj/LaunchScreen.storyboard; sourceTree = "<group>"; };
		FC74A2AA20899FBD00D58A14 /* Info.plist */ = {isa = PBXFileReference; lastKnownFileType = text.plist.xml; path = Info.plist; sourceTree = "<group>"; };
		FC74A2B02089CFC900D58A14 /* HarunaViewController.swift */ = {isa = PBXFileReference; lastKnownFileType = sourcecode.swift; path = HarunaViewController.swift; sourceTree = "<group>"; };
		FC74A2B22089CFE100D58A14 /* YukiViewController.swift */ = {isa = PBXFileReference; lastKnownFileType = sourcecode.swift; path = YukiViewController.swift; sourceTree = "<group>"; };
/* End PBXFileReference section */

/* Begin PBXFrameworksBuildPhase section */
		FC74A29820899FBA00D58A14 /* Frameworks */ = {
			isa = PBXFrameworksBuildPhase;
			buildActionMask = 2147483647;
			files = (
			);
			runOnlyForDeploymentPostprocessing = 0;
		};
/* End PBXFrameworksBuildPhase section */

/* Begin PBXGroup section */
		FC74A29220899FBA00D58A14 = {
			isa = PBXGroup;
			children = (
				FC74A29D20899FBA00D58A14 /* ShumiZaitaku_swift */,
				FC74A29C20899FBA00D58A14 /* Products */,
			);
			sourceTree = "<group>";
		};
		FC74A29C20899FBA00D58A14 /* Products */ = {
			isa = PBXGroup;
			children = (
				FC74A29B20899FBA00D58A14 /* ShumiZaitaku_swift.app */,
			);
			name = Products;
			sourceTree = "<group>";
		};
		FC74A29D20899FBA00D58A14 /* ShumiZaitaku_swift */ = {
			isa = PBXGroup;
			children = (
				FC74A29E20899FBA00D58A14 /* AppDelegate.swift */,
				FC74A2A020899FBA00D58A14 /* ViewController.swift */,
				FC74A2A220899FBA00D58A14 /* Main.storyboard */,
				FC74A2A520899FBD00D58A14 /* Assets.xcassets */,
				FC74A2A720899FBD00D58A14 /* LaunchScreen.storyboard */,
				FC74A2AA20899FBD00D58A14 /* Info.plist */,
				FC74A2B02089CFC900D58A14 /* HarunaViewController.swift */,
				FC74A2B22089CFE100D58A14 /* YukiViewController.swift */,
			);
			path = ShumiZaitaku_swift;
			sourceTree = "<group>";
		};
/* End PBXGroup section */

/* Begin PBXNativeTarget section */
		FC74A29A20899FBA00D58A14 /* ShumiZaitaku_swift */ = {
			isa = PBXNativeTarget;
			buildConfigurationList = FC74A2AD20899FBD00D58A14 /* Build configuration list for PBXNativeTarget "ShumiZaitaku_swift" */;
			buildPhases = (
				FC74A29720899FBA00D58A14 /* Sources */,
				FC74A29820899FBA00D58A14 /* Frameworks */,
				FC74A29920899FBA00D58A14 /* Resources */,
			);
			buildRules = (
			);
			dependencies = (
			);
			name = ShumiZaitaku_swift;
			productName = ShumiZaitaku_swift;
			productReference = FC74A29B20899FBA00D58A14 /* ShumiZaitaku_swift.app */;
			productType = "com.apple.product-type.application";
		};
/* End PBXNativeTarget section */

/* Begin PBXProject section */
		FC74A29320899FBA00D58A14 /* Project object */ = {
			isa = PBXProject;
			attributes = {
				LastSwiftUpdateCheck = 0930;
				LastUpgradeCheck = 0930;
				ORGANIZATIONNAME = IkukoHiraga;
				TargetAttributes = {
					FC74A29A20899FBA00D58A14 = {
						CreatedOnToolsVersion = 9.3;
						ProvisioningStyle = Automatic;
					};
				};
			};
			buildConfigurationList = FC74A29620899FBA00D58A14 /* Build configuration list for PBXProject "ShumiZaitaku_swift" */;
			compatibilityVersion = "Xcode 8.0";
			developmentRegion = en;
			hasScannedForEncodings = 0;
			knownRegions = (
				en,
				Base,
			);
			mainGroup = FC74A29220899FBA00D58A14;
			productRefGroup = FC74A29C20899FBA00D58A14 /* Products */;
			projectDirPath = "";
			projectRoot = "";
			targets = (
				FC74A29A20899FBA00D58A14 /* ShumiZaitaku_swift */,
			);
		};
/* End PBXProject section */

/* Begin PBXResourcesBuildPhase section */
		FC74A29920899FBA00D58A14 /* Resources */ = {
			isa = PBXResourcesBuildPhase;
			buildActionMask = 2147483647;
			files = (
				FC74A2A920899FBD00D58A14 /* LaunchScreen.storyboard in Resources */,
				FC74A2A620899FBD00D58A14 /* Assets.xcassets in Resources */,
				FC74A2A420899FBA00D58A14 /* Main.storyboard in Resources */,
			);
			runOnlyForDeploymentPostprocessing = 0;
		};
/* End PBXResourcesBuildPhase section */

/* Begin PBXSourcesBuildPhase section */
		FC74A29720899FBA00D58A14 /* Sources */ = {
			isa = PBXSourcesBuildPhase;
			buildActionMask = 2147483647;
			files = (
				FC74A2B32089CFE100D58A14 /* YukiViewController.swift in Sources */,
				FC74A2B12089CFC900D58A14 /* HarunaViewController.swift in Sources */,
				FC74A2A120899FBA00D58A14 /* ViewController.swift in Sources */,
				FC74A29F20899FBA00D58A14 /* AppDelegate.swift in Sources */,
			);
			runOnlyForDeploymentPostprocessing = 0;
		};
/* End PBXSourcesBuildPhase section */

/* Begin PBXVariantGroup section */
		FC74A2A220899FBA00D58A14 /* Main.storyboard */ = {
			isa = PBXVariantGroup;
			children = (
				FC74A2A320899FBA00D58A14 /* Base */,
			);
			name = Main.storyboard;
			sourceTree = "<group>";
		};
		FC74A2A720899FBD00D58A14 /* LaunchScreen.storyboard */ = {
			isa = PBXVariantGroup;
			children = (
				FC74A2A820899FBD00D58A14 /* Base */,
			);
			name = LaunchScreen.storyboard;
			sourceTree = "<group>";
		};
/* End PBXVariantGroup section */

/* Begin XCBuildConfiguration section */
		FC74A2AB20899FBD00D58A14 /* Debug */ = {
			isa = XCBuildConfiguration;
			buildSettings = {
				ALWAYS_SEARCH_USER_PATHS = NO;
				CLANG_ANALYZER_NONNULL = YES;
				CLANG_ANALYZER_NUMBER_OBJECT_CONVERSION = YES_AGGRESSIVE;
				CLANG_CXX_LANGUAGE_STANDARD = "gnu++14";
				CLANG_CXX_LIBRARY = "libc++";
				CLANG_ENABLE_MODULES = YES;
				CLANG_ENABLE_OBJC_ARC = YES;
				CLANG_ENABLE_OBJC_WEAK = YES;
				CLANG_WARN_BLOCK_CAPTURE_AUTORELEASING = YES;
				CLANG_WARN_BOOL_CONVERSION = YES;
				CLANG_WARN_COMMA = YES;
				CLANG_WARN_CONSTANT_CONVERSION = YES;
				CLANG_WARN_DEPRECATED_OBJC_IMPLEMENTATIONS = YES;
				CLANG_WARN_DIRECT_OBJC_ISA_USAGE = YES_ERROR;
				CLANG_WARN_DOCUMENTATION_COMMENTS = YES;
				CLANG_WARN_EMPTY_BODY = YES;
				CLANG_WARN_ENUM_CONVERSION = YES;
				CLANG_WARN_INFINITE_RECURSION = YES;
				CLANG_WARN_INT_CONVERSION = YES;
				CLANG_WARN_NON_LITERAL_NULL_CONVERSION = YES;
				CLANG_WARN_OBJC_IMPLICIT_RETAIN_SELF = YES;
				CLANG_WARN_OBJC_LITERAL_CONVERSION = YES;
				CLANG_WARN_OBJC_ROOT_CLASS = YES_ERROR;
				CLANG_WARN_RANGE_LOOP_ANALYSIS = YES;
				CLANG_WARN_STRICT_PROTOTYPES = YES;
				CLANG_WARN_SUSPICIOUS_MOVE = YES;
				CLANG_WARN_UNGUARDED_AVAILABILITY = YES_AGGRESSIVE;
				CLANG_WARN_UNREACHABLE_CODE = YES;
				CLANG_WARN__DUPLICATE_METHOD_MATCH = YES;
				CODE_SIGN_IDENTITY = "iPhone Developer";
				COPY_PHASE_STRIP = NO;
				DEBUG_INFORMATION_FORMAT = dwarf;
				ENABLE_STRICT_OBJC_MSGSEND = YES;
				ENABLE_TESTABILITY = YES;
				GCC_C_LANGUAGE_STANDARD = gnu11;
				GCC_DYNAMIC_NO_PIC = NO;
				GCC_NO_COMMON_BLOCKS = YES;
				GCC_OPTIMIZATION_LEVEL = 0;
				GCC_PREPROCESSOR_DEFINITIONS = (
					"DEBUG=1",
					"$(inherited)",
				);
				GCC_WARN_64_TO_32_BIT_CONVERSION = YES;
				GCC_WARN_ABOUT_RETURN_TYPE = YES_ERROR;
				GCC_WARN_UNDECLARED_SELECTOR = YES;
				GCC_WARN_UNINITIALIZED_AUTOS = YES_AGGRESSIVE;
				GCC_WARN_UNUSED_FUNCTION = YES;
				GCC_WARN_UNUSED_VARIABLE = YES;
				IPHONEOS_DEPLOYMENT_TARGET = 11.3;
				MTL_ENABLE_DEBUG_INFO = YES;
				ONLY_ACTIVE_ARCH = YES;
				SDKROOT = iphoneos;
				SWIFT_ACTIVE_COMPILATION_CONDITIONS = DEBUG;
				SWIFT_OPTIMIZATION_LEVEL = "-Onone";
			};
			name = Debug;
		};
		FC74A2AC20899FBD00D58A14 /* Release */ = {
			isa = XCBuildConfiguration;
			buildSettings = {
				ALWAYS_SEARCH_USER_PATHS = NO;
				CLANG_ANALYZER_NONNULL = YES;
				CLANG_ANALYZER_NUMBER_OBJECT_CONVERSION = YES_AGGRESSIVE;
				CLANG_CXX_LANGUAGE_STANDARD = "gnu++14";
				CLANG_CXX_LIBRARY = "libc++";
				CLANG_ENABLE_MODULES = YES;
				CLANG_ENABLE_OBJC_ARC = YES;
				CLANG_ENABLE_OBJC_WEAK = YES;
				CLANG_WARN_BLOCK_CAPTURE_AUTORELEASING = YES;
				CLANG_WARN_BOOL_CONVERSION = YES;
				CLANG_WARN_COMMA = YES;
				CLANG_WARN_CONSTANT_CONVERSION = YES;
				CLANG_WARN_DEPRECATED_OBJC_IMPLEMENTATIONS = YES;
				CLANG_WARN_DIRECT_OBJC_ISA_USAGE = YES_ERROR;
				CLANG_WARN_DOCUMENTATION_COMMENTS = YES;
				CLANG_WARN_EMPTY_BODY = YES;
				CLANG_WARN_ENUM_CONVERSION = YES;
				CLANG_WARN_INFINITE_RECURSION = YES;
				CLANG_WARN_INT_CONVERSION = YES;
				CLANG_WARN_NON_LITERAL_NULL_CONVERSION = YES;
				CLANG_WARN_OBJC_IMPLICIT_RETAIN_SELF = YES;
				CLANG_WARN_OBJC_LITERAL_CONVERSION = YES;
				CLANG_WARN_OBJC_ROOT_CLASS = YES_ERROR;
				CLANG_WARN_RANGE_LOOP_ANALYSIS = YES;
				CLANG_WARN_STRICT_PROTOTYPES = YES;
				CLANG_WARN_SUSPICIOUS_MOVE = YES;
				CLANG_WARN_UNGUARDED_AVAILABILITY = YES_AGGRESSIVE;
				CLANG_WARN_UNREACHABLE_CODE = YES;
				CLANG_WARN__DUPLICATE_METHOD_MATCH = YES;
				CODE_SIGN_IDENTITY = "iPhone Developer";
				COPY_PHASE_STRIP = NO;
				DEBUG_INFORMATION_FORMAT = "dwarf-with-dsym";
				ENABLE_NS_ASSERTIONS = NO;
				ENABLE_STRICT_OBJC_MSGSEND = YES;
				GCC_C_LANGUAGE_STANDARD = gnu11;
				GCC_NO_COMMON_BLOCKS = YES;
				GCC_WARN_64_TO_32_BIT_CONVERSION = YES;
				GCC_WARN_ABOUT_RETURN_TYPE = YES_ERROR;
				GCC_WARN_UNDECLARED_SELECTOR = YES;
				GCC_WARN_UNINITIALIZED_AUTOS = YES_AGGRESSIVE;
				GCC_WARN_UNUSED_FUNCTION = YES;
				GCC_WARN_UNUSED_VARIABLE = YES;
				IPHONEOS_DEPLOYMENT_TARGET = 11.3;
				MTL_ENABLE_DEBUG_INFO = NO;
				SDKROOT = iphoneos;
				SWIFT_OPTIMIZATION_LEVEL = "-Owholemodule";
				VALIDATE_PRODUCT = YES;
			};
			name = Release;
		};
		FC74A2AE20899FBD00D58A14 /* Debug */ = {
			isa = XCBuildConfiguration;
			buildSettings = {
				ASSETCATALOG_COMPILER_APPICON_NAME = AppIcon;
				CODE_SIGN_STYLE = Automatic;
				DEVELOPMENT_TEAM = SXL9U2ZT42;
				INFOPLIST_FILE = ShumiZaitaku_swift/Info.plist;
				LD_RUNPATH_SEARCH_PATHS = "$(inherited) @executable_path/Frameworks";
				PRODUCT_BUNDLE_IDENTIFIER = "com.custardpudding.ShumiZaitaku-swift";
				PRODUCT_NAME = "$(TARGET_NAME)";
				SWIFT_VERSION = 4.0;
				TARGETED_DEVICE_FAMILY = "1,2";
			};
			name = Debug;
		};
		FC74A2AF20899FBD00D58A14 /* Release */ = {
			isa = XCBuildConfiguration;
			buildSettings = {
				ASSETCATALOG_COMPILER_APPICON_NAME = AppIcon;
				CODE_SIGN_STYLE = Automatic;
				DEVELOPMENT_TEAM = SXL9U2ZT42;
				INFOPLIST_FILE = ShumiZaitaku_swift/Info.plist;
				LD_RUNPATH_SEARCH_PATHS = "$(inherited) @executable_path/Frameworks";
				PRODUCT_BUNDLE_IDENTIFIER = "com.custardpudding.ShumiZaitaku-swift";
				PRODUCT_NAME = "$(TARGET_NAME)";
				SWIFT_VERSION = 4.0;
				TARGETED_DEVICE_FAMILY = "1,2";
			};
			name = Release;
		};
/* End XCBuildConfiguration section */

/* Begin XCConfigurationList section */
		FC74A29620899FBA00D58A14 /* Build configuration list for PBXProject "ShumiZaitaku_swift" */ = {
			isa = XCConfigurationList;
			buildConfigurations = (
				FC74A2AB20899FBD00D58A14 /* Debug */,
				FC74A2AC20899FBD00D58A14 /* Release */,
			);
			defaultConfigurationIsVisible = 0;
			defaultConfigurationName = Release;
		};
		FC74A2AD20899FBD00D58A14 /* Build configuration list for PBXNativeTarget "ShumiZaitaku_swift" */ = {
			isa = XCConfigurationList;
			buildConfigurations = (
				FC74A2AE20899FBD00D58A14 /* Debug */,
				FC74A2AF20899FBD00D58A14 /* Release */,
			);
			defaultConfigurationIsVisible = 0;
			defaultConfigurationName = Release;
		};
/* End XCConfigurationList section */
	};
	rootObject = FC74A29320899FBA00D58A14 /* Project object */;
}
